
Microsoft Visual Studio Solution File, Format Version 12.00
# Visual Studio Version 16
VisualStudioVersion = 16.0.31019.35
MinimumVisualStudioVersion = 15.0.26124.0
Project("{9A19103F-16F7-4668-BE54-9A1E7A4F7556}") = "api.todo", "api.todo\api.todo.csproj", "{32D3BE0D-B947-4BE4-9DFE-52FEE06F8A5D}"
EndProject
Project("{2150E333-8FDC-42A3-9474-1A3956D46DE8}") = "Solution Items", "Solution Items", "{B7113383-26CF-4036-97ED-9E3C36617365}"
	ProjectSection(SolutionItems) = preProject
		tye.yaml = tye.yaml
	EndProjectSection
EndProject
Global
	GlobalSection(SolutionConfigurationPlatforms) = preSolution
		Debug|Any CPU = Debug|Any CPU
		Debug|x64 = Debug|x64
		Debug|x86 = Debug|x86
		Release|Any CPU = Release|Any CPU
		Release|x64 = Release|x64
		Release|x86 = Release|x86
	EndGlobalSection
	GlobalSection(ProjectConfigurationPlatforms) = postSolution
		{32D3BE0D-B947-4BE4-9DFE-52FEE06F8A5D}.Debug|Any CPU.ActiveCfg = Debug|Any CPU
		{32D3BE0D-B947-4BE4-9DFE-52FEE06F8A5D}.Debug|Any CPU.Build.0 = Debug|Any CPU
		{32D3BE0D-B947-4BE4-9DFE-52FEE06F8A5D}.Debug|x64.ActiveCfg = Debug|Any CPU
		{32D3BE0D-B947-4BE4-9DFE-52FEE06F8A5D}.Debug|x64.Build.0 = Debug|Any CPU
		{32D3BE0D-B947-4BE4-9DFE-52FEE06F8A5D}.Debug|x86.ActiveCfg = Debug|Any CPU
		{32D3BE0D-B947-4BE4-9DFE-52FEE06F8A5D}.Debug|x86.Build.0 = Debug|Any CPU
		{32D3BE0D-B947-4BE4-9DFE-52FEE06F8A5D}.Release|Any CPU.ActiveCfg = Release|Any CPU
		{32D3BE0D-B947-4BE4-9DFE-52FEE06F8A5D}.Release|Any CPU.Build.0 = Release|Any CPU
		{32D3BE0D-B947-4BE4-9DFE-52FEE06F8A5D}.Release|x64.ActiveCfg = Release|Any CPU
		{32D3BE0D-B947-4BE4-9DFE-52FEE06F8A5D}.Release|x64.Build.0 = Release|Any CPU
		{32D3BE0D-B947-4BE4-9DFE-52FEE06F8A5D}.Release|x86.ActiveCfg = Release|Any CPU
		{32D3BE0D-B947-4BE4-9DFE-52FEE06F8A5D}.Release|x86.Build.0 = Release|Any CPU
	EndGlobalSection
	GlobalSection(SolutionProperties) = preSolution
		HideSolutionNode = FALSE
	EndGlobalSection
	GlobalSection(ExtensibilityGlobals) = postSolution
		SolutionGuid = {3C4F3CAE-9383-4D49-BD11-E2746B430F9B}
	EndGlobalSection
EndGlobal
