
Microsoft Visual Studio Solution File, Format Version 12.00
# Visual Studio Version 16
VisualStudioVersion = 16.0.31019.35
MinimumVisualStudioVersion = 15.0.26124.0
Project("{9A19103F-16F7-4668-BE54-9A1E7A4F7556}") = "api.person", "api.person\api.person.csproj", "{805900C6-7ED2-4B6F-BAB9-AE095064BA8A}"
EndProject
Project("{2150E333-8FDC-42A3-9474-1A3956D46DE8}") = "Solution Items", "Solution Items", "{FB60A60F-5F0F-4037-BC98-784C766A951B}"
	ProjectSection(SolutionItems) = preProject
		tye.yaml = tye.yaml
	EndProjectSection
EndProject
Global
	GlobalSection(SolutionConfigurationPlatforms) = preSolution
		Debug|Any CPU = Debug|Any CPU
		Debug|x64 = Debug|x64
		Debug|x86 = Debug|x86
		Release|Any CPU = Release|Any CPU
		Release|x64 = Release|x64
		Release|x86 = Release|x86
	EndGlobalSection
	GlobalSection(ProjectConfigurationPlatforms) = postSolution
		{805900C6-7ED2-4B6F-BAB9-AE095064BA8A}.Debug|Any CPU.ActiveCfg = Debug|Any CPU
		{805900C6-7ED2-4B6F-BAB9-AE095064BA8A}.Debug|Any CPU.Build.0 = Debug|Any CPU
		{805900C6-7ED2-4B6F-BAB9-AE095064BA8A}.Debug|x64.ActiveCfg = Debug|Any CPU
		{805900C6-7ED2-4B6F-BAB9-AE095064BA8A}.Debug|x64.Build.0 = Debug|Any CPU
		{805900C6-7ED2-4B6F-BAB9-AE095064BA8A}.Debug|x86.ActiveCfg = Debug|Any CPU
		{805900C6-7ED2-4B6F-BAB9-AE095064BA8A}.Debug|x86.Build.0 = Debug|Any CPU
		{805900C6-7ED2-4B6F-BAB9-AE095064BA8A}.Release|Any CPU.ActiveCfg = Release|Any CPU
		{805900C6-7ED2-4B6F-BAB9-AE095064BA8A}.Release|Any CPU.Build.0 = Release|Any CPU
		{805900C6-7ED2-4B6F-BAB9-AE095064BA8A}.Release|x64.ActiveCfg = Release|Any CPU
		{805900C6-7ED2-4B6F-BAB9-AE095064BA8A}.Release|x64.Build.0 = Release|Any CPU
		{805900C6-7ED2-4B6F-BAB9-AE095064BA8A}.Release|x86.ActiveCfg = Release|Any CPU
		{805900C6-7ED2-4B6F-BAB9-AE095064BA8A}.Release|x86.Build.0 = Release|Any CPU
	EndGlobalSection
	GlobalSection(SolutionProperties) = preSolution
		HideSolutionNode = FALSE
	EndGlobalSection
	GlobalSection(ExtensibilityGlobals) = postSolution
		SolutionGuid = {F57AF466-4797-4E65-90D9-D1F2746639C2}
	EndGlobalSection
EndGlobal
