
Microsoft Visual Studio Solution File, Format Version 12.00
# Visual Studio Version 16
VisualStudioVersion = 16.0.31019.35
MinimumVisualStudioVersion = 10.0.40219.1
Project("{9A19103F-16F7-4668-BE54-9A1E7A4F7556}") = "api.birds", "api.birds\api.birds.csproj", "{189AC5C9-0DE6-41E7-A3A6-FDEC4170D2F1}"
EndProject
Project("{2150E333-8FDC-42A3-9474-1A3956D46DE8}") = "Solution Items", "Solution Items", "{0C95513D-DE13-4D4B-9211-AF6BBF5D7491}"
	ProjectSection(SolutionItems) = preProject
		tye.yaml = tye.yaml
	EndProjectSection
EndProject
Global
	GlobalSection(SolutionConfigurationPlatforms) = preSolution
		Debug|Any CPU = Debug|Any CPU
		Release|Any CPU = Release|Any CPU
	EndGlobalSection
	GlobalSection(ProjectConfigurationPlatforms) = postSolution
		{189AC5C9-0DE6-41E7-A3A6-FDEC4170D2F1}.Debug|Any CPU.ActiveCfg = Debug|Any CPU
		{189AC5C9-0DE6-41E7-A3A6-FDEC4170D2F1}.Debug|Any CPU.Build.0 = Debug|Any CPU
		{189AC5C9-0DE6-41E7-A3A6-FDEC4170D2F1}.Release|Any CPU.ActiveCfg = Release|Any CPU
		{189AC5C9-0DE6-41E7-A3A6-FDEC4170D2F1}.Release|Any CPU.Build.0 = Release|Any CPU
	EndGlobalSection
	GlobalSection(SolutionProperties) = preSolution
		HideSolutionNode = FALSE
	EndGlobalSection
	GlobalSection(ExtensibilityGlobals) = postSolution
		SolutionGuid = {B1D1A93C-C82D-4984-8746-D9EC7942714E}
	EndGlobalSection
EndGlobal
