
Microsoft Visual Studio Solution File, Format Version 12.00
# Visual Studio Version 16
VisualStudioVersion = 16.0.30717.126
MinimumVisualStudioVersion = 10.0.40219.1
Project("{9A19103F-16F7-4668-BE54-9A1E7A4F7556}") = "api.person", "api.person\api.person.csproj", "{78274465-DE94-447D-A334-7084F7DA86F1}"
EndProject
Project("{9A19103F-16F7-4668-BE54-9A1E7A4F7556}") = "api.todo", "api.todo\api.todo.csproj", "{D770861C-F154-4EDA-98AD-1C67CCED6F4A}"
EndProject
Project("{9A19103F-16F7-4668-BE54-9A1E7A4F7556}") = "api.weather", "api.weather\api.weather.csproj", "{51EBA957-D4DA-4E8B-9212-C22822FD814C}"
EndProject
Project("{9A19103F-16F7-4668-BE54-9A1E7A4F7556}") = "frontend.Client", "frontend\Client\frontend.Client.csproj", "{0A635845-85B2-4F00-8863-771897E0C560}"
EndProject
Project("{9A19103F-16F7-4668-BE54-9A1E7A4F7556}") = "frontend.Server", "frontend\Server\frontend.Server.csproj", "{7ADFFE33-C1E8-439D-881B-7137BD1C55CA}"
EndProject
Project("{9A19103F-16F7-4668-BE54-9A1E7A4F7556}") = "frontend.Shared", "frontend\Shared\frontend.Shared.csproj", "{2A54AEF0-29DA-4FB5-9659-CA92F28589DF}"
EndProject
Global
	GlobalSection(SolutionConfigurationPlatforms) = preSolution
		Debug|Any CPU = Debug|Any CPU
		Release|Any CPU = Release|Any CPU
	EndGlobalSection
	GlobalSection(ProjectConfigurationPlatforms) = postSolution
		{78274465-DE94-447D-A334-7084F7DA86F1}.Debug|Any CPU.ActiveCfg = Debug|Any CPU
		{78274465-DE94-447D-A334-7084F7DA86F1}.Debug|Any CPU.Build.0 = Debug|Any CPU
		{78274465-DE94-447D-A334-7084F7DA86F1}.Release|Any CPU.ActiveCfg = Release|Any CPU
		{78274465-DE94-447D-A334-7084F7DA86F1}.Release|Any CPU.Build.0 = Release|Any CPU
		{D770861C-F154-4EDA-98AD-1C67CCED6F4A}.Debug|Any CPU.ActiveCfg = Debug|Any CPU
		{D770861C-F154-4EDA-98AD-1C67CCED6F4A}.Debug|Any CPU.Build.0 = Debug|Any CPU
		{D770861C-F154-4EDA-98AD-1C67CCED6F4A}.Release|Any CPU.ActiveCfg = Release|Any CPU
		{D770861C-F154-4EDA-98AD-1C67CCED6F4A}.Release|Any CPU.Build.0 = Release|Any CPU
		{51EBA957-D4DA-4E8B-9212-C22822FD814C}.Debug|Any CPU.ActiveCfg = Debug|Any CPU
		{51EBA957-D4DA-4E8B-9212-C22822FD814C}.Debug|Any CPU.Build.0 = Debug|Any CPU
		{51EBA957-D4DA-4E8B-9212-C22822FD814C}.Release|Any CPU.ActiveCfg = Release|Any CPU
		{51EBA957-D4DA-4E8B-9212-C22822FD814C}.Release|Any CPU.Build.0 = Release|Any CPU
		{0A635845-85B2-4F00-8863-771897E0C560}.Debug|Any CPU.ActiveCfg = Debug|Any CPU
		{0A635845-85B2-4F00-8863-771897E0C560}.Debug|Any CPU.Build.0 = Debug|Any CPU
		{0A635845-85B2-4F00-8863-771897E0C560}.Release|Any CPU.ActiveCfg = Release|Any CPU
		{0A635845-85B2-4F00-8863-771897E0C560}.Release|Any CPU.Build.0 = Release|Any CPU
		{7ADFFE33-C1E8-439D-881B-7137BD1C55CA}.Debug|Any CPU.ActiveCfg = Debug|Any CPU
		{7ADFFE33-C1E8-439D-881B-7137BD1C55CA}.Debug|Any CPU.Build.0 = Debug|Any CPU
		{7ADFFE33-C1E8-439D-881B-7137BD1C55CA}.Release|Any CPU.ActiveCfg = Release|Any CPU
		{7ADFFE33-C1E8-439D-881B-7137BD1C55CA}.Release|Any CPU.Build.0 = Release|Any CPU
		{2A54AEF0-29DA-4FB5-9659-CA92F28589DF}.Debug|Any CPU.ActiveCfg = Debug|Any CPU
		{2A54AEF0-29DA-4FB5-9659-CA92F28589DF}.Debug|Any CPU.Build.0 = Debug|Any CPU
		{2A54AEF0-29DA-4FB5-9659-CA92F28589DF}.Release|Any CPU.ActiveCfg = Release|Any CPU
		{2A54AEF0-29DA-4FB5-9659-CA92F28589DF}.Release|Any CPU.Build.0 = Release|Any CPU
	EndGlobalSection
	GlobalSection(SolutionProperties) = preSolution
		HideSolutionNode = FALSE
	EndGlobalSection
	GlobalSection(ExtensibilityGlobals) = postSolution
		SolutionGuid = {02A5F1C0-9AFA-4B2F-AA3C-EE3049996DBB}
	EndGlobalSection
EndGlobal
