
Microsoft Visual Studio Solution File, Format Version 12.00
# Visual Studio Version 16
VisualStudioVersion = 16.0.31019.35
MinimumVisualStudioVersion = 10.0.40219.1
Project("{9A19103F-16F7-4668-BE54-9A1E7A4F7556}") = "api.books", "api.books\api.books.csproj", "{1D891B5C-5FAB-4A6D-B922-B1F23AD5BAE8}"
EndProject
Project("{2150E333-8FDC-42A3-9474-1A3956D46DE8}") = "Solution Items", "Solution Items", "{516E6FBD-3619-43A2-88AB-EEA95E427567}"
	ProjectSection(SolutionItems) = preProject
		tye.yaml = tye.yaml
	EndProjectSection
EndProject
Global
	GlobalSection(SolutionConfigurationPlatforms) = preSolution
		Debug|Any CPU = Debug|Any CPU
		Debug|x64 = Debug|x64
		Debug|x86 = Debug|x86
		Release|Any CPU = Release|Any CPU
		Release|x64 = Release|x64
		Release|x86 = Release|x86
	EndGlobalSection
	GlobalSection(ProjectConfigurationPlatforms) = postSolution
		{1D891B5C-5FAB-4A6D-B922-B1F23AD5BAE8}.Debug|Any CPU.ActiveCfg = Debug|Any CPU
		{1D891B5C-5FAB-4A6D-B922-B1F23AD5BAE8}.Debug|Any CPU.Build.0 = Debug|Any CPU
		{1D891B5C-5FAB-4A6D-B922-B1F23AD5BAE8}.Debug|x64.ActiveCfg = Debug|Any CPU
		{1D891B5C-5FAB-4A6D-B922-B1F23AD5BAE8}.Debug|x64.Build.0 = Debug|Any CPU
		{1D891B5C-5FAB-4A6D-B922-B1F23AD5BAE8}.Debug|x86.ActiveCfg = Debug|Any CPU
		{1D891B5C-5FAB-4A6D-B922-B1F23AD5BAE8}.Debug|x86.Build.0 = Debug|Any CPU
		{1D891B5C-5FAB-4A6D-B922-B1F23AD5BAE8}.Release|Any CPU.ActiveCfg = Release|Any CPU
		{1D891B5C-5FAB-4A6D-B922-B1F23AD5BAE8}.Release|Any CPU.Build.0 = Release|Any CPU
		{1D891B5C-5FAB-4A6D-B922-B1F23AD5BAE8}.Release|x64.ActiveCfg = Release|Any CPU
		{1D891B5C-5FAB-4A6D-B922-B1F23AD5BAE8}.Release|x64.Build.0 = Release|Any CPU
		{1D891B5C-5FAB-4A6D-B922-B1F23AD5BAE8}.Release|x86.ActiveCfg = Release|Any CPU
		{1D891B5C-5FAB-4A6D-B922-B1F23AD5BAE8}.Release|x86.Build.0 = Release|Any CPU
	EndGlobalSection
	GlobalSection(SolutionProperties) = preSolution
		HideSolutionNode = FALSE
	EndGlobalSection
	GlobalSection(ExtensibilityGlobals) = postSolution
		SolutionGuid = {4C00D7E5-BC47-4CBF-805E-F5E841FA0837}
	EndGlobalSection
EndGlobal
