
Microsoft Visual Studio Solution File, Format Version 12.00
# Visual Studio Version 16
VisualStudioVersion = 16.0.31019.35
MinimumVisualStudioVersion = 15.0.26124.0
Project("{9A19103F-16F7-4668-BE54-9A1E7A4F7556}") = "api.fruits", "api.fruits\api.fruits.csproj", "{4AE4A5C4-FB16-42E9-9342-71E76D2483F2}"
EndProject
Project("{2150E333-8FDC-42A3-9474-1A3956D46DE8}") = "Solution Items", "Solution Items", "{C54706AC-CDB7-4996-B945-AB5413E74CBC}"
	ProjectSection(SolutionItems) = preProject
		tye.yaml = tye.yaml
	EndProjectSection
EndProject
Global
	GlobalSection(SolutionConfigurationPlatforms) = preSolution
		Debug|Any CPU = Debug|Any CPU
		Debug|x64 = Debug|x64
		Debug|x86 = Debug|x86
		Release|Any CPU = Release|Any CPU
		Release|x64 = Release|x64
		Release|x86 = Release|x86
	EndGlobalSection
	GlobalSection(ProjectConfigurationPlatforms) = postSolution
		{4AE4A5C4-FB16-42E9-9342-71E76D2483F2}.Debug|Any CPU.ActiveCfg = Debug|Any CPU
		{4AE4A5C4-FB16-42E9-9342-71E76D2483F2}.Debug|Any CPU.Build.0 = Debug|Any CPU
		{4AE4A5C4-FB16-42E9-9342-71E76D2483F2}.Debug|x64.ActiveCfg = Debug|Any CPU
		{4AE4A5C4-FB16-42E9-9342-71E76D2483F2}.Debug|x64.Build.0 = Debug|Any CPU
		{4AE4A5C4-FB16-42E9-9342-71E76D2483F2}.Debug|x86.ActiveCfg = Debug|Any CPU
		{4AE4A5C4-FB16-42E9-9342-71E76D2483F2}.Debug|x86.Build.0 = Debug|Any CPU
		{4AE4A5C4-FB16-42E9-9342-71E76D2483F2}.Release|Any CPU.ActiveCfg = Release|Any CPU
		{4AE4A5C4-FB16-42E9-9342-71E76D2483F2}.Release|Any CPU.Build.0 = Release|Any CPU
		{4AE4A5C4-FB16-42E9-9342-71E76D2483F2}.Release|x64.ActiveCfg = Release|Any CPU
		{4AE4A5C4-FB16-42E9-9342-71E76D2483F2}.Release|x64.Build.0 = Release|Any CPU
		{4AE4A5C4-FB16-42E9-9342-71E76D2483F2}.Release|x86.ActiveCfg = Release|Any CPU
		{4AE4A5C4-FB16-42E9-9342-71E76D2483F2}.Release|x86.Build.0 = Release|Any CPU
	EndGlobalSection
	GlobalSection(SolutionProperties) = preSolution
		HideSolutionNode = FALSE
	EndGlobalSection
	GlobalSection(ExtensibilityGlobals) = postSolution
		SolutionGuid = {7068CE63-986A-4036-BA36-61EE9909777D}
	EndGlobalSection
EndGlobal
